
Microsoft Visual Studio Solution File, Format Version 12.00
# Visual Studio Version 17
VisualStudioVersion = 17.3.32929.385
MinimumVisualStudioVersion = 10.0.40219.1
Project("{9A19103F-16F7-4668-BE54-9A1E7A4F7556}") = "S3E1", "S3E1\S3E1.csproj", "{598FACD1-4C6D-413E-B760-1C8BA6F5D2B2}"
EndProject
Project("{FAE04EC0-301F-11D3-BF4B-00C04F79EFBC}") = "S3E1.Test", "S3E1.Test\S3E1.Test.csproj", "{319CDA43-18FF-4467-8A0C-709A790B66DB}"
EndProject
Global
	GlobalSection(SolutionConfigurationPlatforms) = preSolution
		Debug|Any CPU = Debug|Any CPU
		Release|Any CPU = Release|Any CPU
	EndGlobalSection
	GlobalSection(ProjectConfigurationPlatforms) = postSolution
		{598FACD1-4C6D-413E-B760-1C8BA6F5D2B2}.Debug|Any CPU.ActiveCfg = Debug|Any CPU
		{598FACD1-4C6D-413E-B760-1C8BA6F5D2B2}.Debug|Any CPU.Build.0 = Debug|Any CPU
		{598FACD1-4C6D-413E-B760-1C8BA6F5D2B2}.Release|Any CPU.ActiveCfg = Release|Any CPU
		{598FACD1-4C6D-413E-B760-1C8BA6F5D2B2}.Release|Any CPU.Build.0 = Release|Any CPU
		{319CDA43-18FF-4467-8A0C-709A790B66DB}.Debug|Any CPU.ActiveCfg = Debug|Any CPU
		{319CDA43-18FF-4467-8A0C-709A790B66DB}.Debug|Any CPU.Build.0 = Debug|Any CPU
		{319CDA43-18FF-4467-8A0C-709A790B66DB}.Release|Any CPU.ActiveCfg = Release|Any CPU
		{319CDA43-18FF-4467-8A0C-709A790B66DB}.Release|Any CPU.Build.0 = Release|Any CPU
	EndGlobalSection
	GlobalSection(SolutionProperties) = preSolution
		HideSolutionNode = FALSE
	EndGlobalSection
	GlobalSection(ExtensibilityGlobals) = postSolution
		SolutionGuid = {679D00D5-6820-4028-B0D7-9E5E8D3A5DD9}
	EndGlobalSection
EndGlobal
